<?xml version="1.0" encoding="utf-8"?>
<Project ToolsVersion="4.0" xmlns="http://schemas.microsoft.com/developer/msbuild/2003">
  <ItemGroup>
    <ClInclude Include="pch.h" />
    <ClInclude Include="android_native_app_glue.h" />
    <ClInclude Include="GL_Button.h" />
    <ClInclude Include="IntegerDisplay.h" />
    <ClInclude Include="VBot.h" />
    <ClInclude Include="BotList.h" />
    <ClInclude Include="JamesBot.h" />
    <ClInclude Include="JeongBot.h" />
    <ClInclude Include="VangBot.h" />
  </ItemGroup>
  <ItemGroup>
    <ClCompile Include="android_native_app_glue.c" />
    <ClCompile Include="main.cpp" />
    <ClCompile Include="GL_Button.cpp" />
    <ClCompile Include="IntegerDisplay.cpp" />
    <ClCompile Include="VBot.cpp" />
    <ClCompile Include="BotList.cpp" />
    <ClCompile Include="JamesBot.cpp" />
    <ClCompile Include="JamesBot_Data.cpp" />
    <ClCompile Include="JeongBot.cpp" />
    <ClCompile Include="JeongBot_Data.cpp" />
    <ClCompile Include="VangBot.cpp" />
    <ClCompile Include="VangBot_Data.cpp" />
  </ItemGroup>
</Project>